
Microsoft Visual Studio Solution File, Format Version 12.00
# Visual Studio Version 17
VisualStudioVersion = 17.0.31825.309
MinimumVisualStudioVersion = 10.0.40219.1
Project("{2150E333-8FDC-42A3-9474-1A3956D46DE8}") = "services", "services", "{D70EB41A-3161-4E8C-AFC9-BC134380F1E3}"
EndProject
Project("{2150E333-8FDC-42A3-9474-1A3956D46DE8}") = "catalog", "catalog", "{19FD707C-F738-44BC-BAFF-BD62C9D274A2}"
EndProject
Project("{9A19103F-16F7-4668-BE54-9A1E7A4F7556}") = "catalog.api", "services\catalog\catalog.api\catalog.api.csproj", "{0CB0C73B-E429-4EDF-8269-0AC7F2B17C95}"
EndProject
Project("{2150E333-8FDC-42A3-9474-1A3956D46DE8}") = "Solution Items", "Solution Items", "{930EAEBE-A152-4DA0-92A0-DF2F628FDE1E}"
	ProjectSection(SolutionItems) = preProject
		docker-compose.yaml = docker-compose.yaml
	EndProjectSection
EndProject
Project("{2150E333-8FDC-42A3-9474-1A3956D46DE8}") = "basket", "basket", "{4BF15AC9-33E6-44CA-BB73-76CAFCE0C159}"
EndProject
Project("{9A19103F-16F7-4668-BE54-9A1E7A4F7556}") = "basket.api", "services\basket\basket.api\basket.api.csproj", "{1079886B-34F6-4353-9523-D1BF8B5FAA2F}"
EndProject
Project("{2150E333-8FDC-42A3-9474-1A3956D46DE8}") = "user", "user", "{BDC78D43-FA84-4521-AE09-012AA559946B}"
EndProject
Project("{9A19103F-16F7-4668-BE54-9A1E7A4F7556}") = "user.api", "services\user\user.api\user.api.csproj", "{94D84897-D535-4978-9E50-8D1DA212D156}"
EndProject
Project("{2150E333-8FDC-42A3-9474-1A3956D46DE8}") = "orders", "orders", "{1C34C390-629A-4AA7-9649-AA7274A88262}"
EndProject
Project("{9A19103F-16F7-4668-BE54-9A1E7A4F7556}") = "orders.api", "services\orders\orders.api\orders.api.csproj", "{9287E7CC-49D1-492B-AEF3-E6EA5005BDA0}"
EndProject
Project("{9A19103F-16F7-4668-BE54-9A1E7A4F7556}") = "orders.domain", "services\orders\orders.domain\orders.domain.csproj", "{A81B6255-9878-40F3-9CD7-AE9D70A74D28}"
EndProject
Project("{9A19103F-16F7-4668-BE54-9A1E7A4F7556}") = "orders.infrastructure", "services\orders\orders.infrastructure\orders.infrastructure.csproj", "{F80618A2-64EE-404C-B51F-AD3F1D091C81}"
EndProject
Project("{9A19103F-16F7-4668-BE54-9A1E7A4F7556}") = "orders.appliaction", "services\orders\orders.appliaction\orders.appliaction.csproj", "{B1B6D331-320B-4F49-900D-BD2612706DE2}"
EndProject
Project("{9A19103F-16F7-4668-BE54-9A1E7A4F7556}") = "user.application", "services\user\user.application\user.application.csproj", "{1F448514-1474-499E-ADC1-1AA63F6D96AB}"
EndProject
Project("{9A19103F-16F7-4668-BE54-9A1E7A4F7556}") = "user.domain", "services\user\user.domain\user.domain.csproj", "{654D61EE-6A64-461A-A57B-20E2C02A874D}"
EndProject
Project("{9A19103F-16F7-4668-BE54-9A1E7A4F7556}") = "user.infrastructure", "services\user\user.infrastructure\user.infrastructure.csproj", "{BE67C4DF-47AC-4C18-AF09-9758E37C9CD4}"
EndProject
Project("{2150E333-8FDC-42A3-9474-1A3956D46DE8}") = "APIGateways", "APIGateways", "{095D776E-23DE-4A4E-9D09-0C9882A79409}"
EndProject
Project("{9A19103F-16F7-4668-BE54-9A1E7A4F7556}") = "OcelotAPIGateway", "APIGateways\OcelotAPIGateway\OcelotAPIGateway.csproj", "{E5BCF4CF-B116-45EC-9F1A-8F6980D7C312}"
EndProject
Project("{2150E333-8FDC-42A3-9474-1A3956D46DE8}") = "RabbitMQ.Events", "RabbitMQ.Events", "{3AE39100-A2F4-4E60-9146-D0BEB1190DFF}"
EndProject
Project("{FAE04EC0-301F-11D3-BF4B-00C04F79EFBC}") = "EventBus.Messages", "RabbitMQ.Events\EventBus.Messages\EventBus.Messages.csproj", "{0D64C2F2-1C44-4E2C-A6DA-D0DC0F2601B2}"
EndProject
Global
	GlobalSection(SolutionConfigurationPlatforms) = preSolution
		Debug|Any CPU = Debug|Any CPU
		Release|Any CPU = Release|Any CPU
	EndGlobalSection
	GlobalSection(ProjectConfigurationPlatforms) = postSolution
		{0CB0C73B-E429-4EDF-8269-0AC7F2B17C95}.Debug|Any CPU.ActiveCfg = Debug|Any CPU
		{0CB0C73B-E429-4EDF-8269-0AC7F2B17C95}.Debug|Any CPU.Build.0 = Debug|Any CPU
		{0CB0C73B-E429-4EDF-8269-0AC7F2B17C95}.Release|Any CPU.ActiveCfg = Release|Any CPU
		{0CB0C73B-E429-4EDF-8269-0AC7F2B17C95}.Release|Any CPU.Build.0 = Release|Any CPU
		{1079886B-34F6-4353-9523-D1BF8B5FAA2F}.Debug|Any CPU.ActiveCfg = Debug|Any CPU
		{1079886B-34F6-4353-9523-D1BF8B5FAA2F}.Debug|Any CPU.Build.0 = Debug|Any CPU
		{1079886B-34F6-4353-9523-D1BF8B5FAA2F}.Release|Any CPU.ActiveCfg = Release|Any CPU
		{1079886B-34F6-4353-9523-D1BF8B5FAA2F}.Release|Any CPU.Build.0 = Release|Any CPU
		{94D84897-D535-4978-9E50-8D1DA212D156}.Debug|Any CPU.ActiveCfg = Debug|Any CPU
		{94D84897-D535-4978-9E50-8D1DA212D156}.Debug|Any CPU.Build.0 = Debug|Any CPU
		{94D84897-D535-4978-9E50-8D1DA212D156}.Release|Any CPU.ActiveCfg = Release|Any CPU
		{94D84897-D535-4978-9E50-8D1DA212D156}.Release|Any CPU.Build.0 = Release|Any CPU
		{9287E7CC-49D1-492B-AEF3-E6EA5005BDA0}.Debug|Any CPU.ActiveCfg = Debug|Any CPU
		{9287E7CC-49D1-492B-AEF3-E6EA5005BDA0}.Debug|Any CPU.Build.0 = Debug|Any CPU
		{9287E7CC-49D1-492B-AEF3-E6EA5005BDA0}.Release|Any CPU.ActiveCfg = Release|Any CPU
		{9287E7CC-49D1-492B-AEF3-E6EA5005BDA0}.Release|Any CPU.Build.0 = Release|Any CPU
		{A81B6255-9878-40F3-9CD7-AE9D70A74D28}.Debug|Any CPU.ActiveCfg = Debug|Any CPU
		{A81B6255-9878-40F3-9CD7-AE9D70A74D28}.Debug|Any CPU.Build.0 = Debug|Any CPU
		{A81B6255-9878-40F3-9CD7-AE9D70A74D28}.Release|Any CPU.ActiveCfg = Release|Any CPU
		{A81B6255-9878-40F3-9CD7-AE9D70A74D28}.Release|Any CPU.Build.0 = Release|Any CPU
		{F80618A2-64EE-404C-B51F-AD3F1D091C81}.Debug|Any CPU.ActiveCfg = Debug|Any CPU
		{F80618A2-64EE-404C-B51F-AD3F1D091C81}.Debug|Any CPU.Build.0 = Debug|Any CPU
		{F80618A2-64EE-404C-B51F-AD3F1D091C81}.Release|Any CPU.ActiveCfg = Release|Any CPU
		{F80618A2-64EE-404C-B51F-AD3F1D091C81}.Release|Any CPU.Build.0 = Release|Any CPU
		{B1B6D331-320B-4F49-900D-BD2612706DE2}.Debug|Any CPU.ActiveCfg = Debug|Any CPU
		{B1B6D331-320B-4F49-900D-BD2612706DE2}.Debug|Any CPU.Build.0 = Debug|Any CPU
		{B1B6D331-320B-4F49-900D-BD2612706DE2}.Release|Any CPU.ActiveCfg = Release|Any CPU
		{B1B6D331-320B-4F49-900D-BD2612706DE2}.Release|Any CPU.Build.0 = Release|Any CPU
		{1F448514-1474-499E-ADC1-1AA63F6D96AB}.Debug|Any CPU.ActiveCfg = Debug|Any CPU
		{1F448514-1474-499E-ADC1-1AA63F6D96AB}.Debug|Any CPU.Build.0 = Debug|Any CPU
		{1F448514-1474-499E-ADC1-1AA63F6D96AB}.Release|Any CPU.ActiveCfg = Release|Any CPU
		{1F448514-1474-499E-ADC1-1AA63F6D96AB}.Release|Any CPU.Build.0 = Release|Any CPU
		{654D61EE-6A64-461A-A57B-20E2C02A874D}.Debug|Any CPU.ActiveCfg = Debug|Any CPU
		{654D61EE-6A64-461A-A57B-20E2C02A874D}.Debug|Any CPU.Build.0 = Debug|Any CPU
		{654D61EE-6A64-461A-A57B-20E2C02A874D}.Release|Any CPU.ActiveCfg = Release|Any CPU
		{654D61EE-6A64-461A-A57B-20E2C02A874D}.Release|Any CPU.Build.0 = Release|Any CPU
		{BE67C4DF-47AC-4C18-AF09-9758E37C9CD4}.Debug|Any CPU.ActiveCfg = Debug|Any CPU
		{BE67C4DF-47AC-4C18-AF09-9758E37C9CD4}.Debug|Any CPU.Build.0 = Debug|Any CPU
		{BE67C4DF-47AC-4C18-AF09-9758E37C9CD4}.Release|Any CPU.ActiveCfg = Release|Any CPU
		{BE67C4DF-47AC-4C18-AF09-9758E37C9CD4}.Release|Any CPU.Build.0 = Release|Any CPU
		{E5BCF4CF-B116-45EC-9F1A-8F6980D7C312}.Debug|Any CPU.ActiveCfg = Debug|Any CPU
		{E5BCF4CF-B116-45EC-9F1A-8F6980D7C312}.Debug|Any CPU.Build.0 = Debug|Any CPU
		{E5BCF4CF-B116-45EC-9F1A-8F6980D7C312}.Release|Any CPU.ActiveCfg = Release|Any CPU
		{E5BCF4CF-B116-45EC-9F1A-8F6980D7C312}.Release|Any CPU.Build.0 = Release|Any CPU
		{0D64C2F2-1C44-4E2C-A6DA-D0DC0F2601B2}.Debug|Any CPU.ActiveCfg = Debug|Any CPU
		{0D64C2F2-1C44-4E2C-A6DA-D0DC0F2601B2}.Debug|Any CPU.Build.0 = Debug|Any CPU
		{0D64C2F2-1C44-4E2C-A6DA-D0DC0F2601B2}.Release|Any CPU.ActiveCfg = Release|Any CPU
		{0D64C2F2-1C44-4E2C-A6DA-D0DC0F2601B2}.Release|Any CPU.Build.0 = Release|Any CPU
	EndGlobalSection
	GlobalSection(SolutionProperties) = preSolution
		HideSolutionNode = FALSE
	EndGlobalSection
	GlobalSection(NestedProjects) = preSolution
		{19FD707C-F738-44BC-BAFF-BD62C9D274A2} = {D70EB41A-3161-4E8C-AFC9-BC134380F1E3}
		{0CB0C73B-E429-4EDF-8269-0AC7F2B17C95} = {19FD707C-F738-44BC-BAFF-BD62C9D274A2}
		{4BF15AC9-33E6-44CA-BB73-76CAFCE0C159} = {D70EB41A-3161-4E8C-AFC9-BC134380F1E3}
		{1079886B-34F6-4353-9523-D1BF8B5FAA2F} = {4BF15AC9-33E6-44CA-BB73-76CAFCE0C159}
		{BDC78D43-FA84-4521-AE09-012AA559946B} = {D70EB41A-3161-4E8C-AFC9-BC134380F1E3}
		{94D84897-D535-4978-9E50-8D1DA212D156} = {BDC78D43-FA84-4521-AE09-012AA559946B}
		{1C34C390-629A-4AA7-9649-AA7274A88262} = {D70EB41A-3161-4E8C-AFC9-BC134380F1E3}
		{9287E7CC-49D1-492B-AEF3-E6EA5005BDA0} = {1C34C390-629A-4AA7-9649-AA7274A88262}
		{A81B6255-9878-40F3-9CD7-AE9D70A74D28} = {1C34C390-629A-4AA7-9649-AA7274A88262}
		{F80618A2-64EE-404C-B51F-AD3F1D091C81} = {1C34C390-629A-4AA7-9649-AA7274A88262}
		{B1B6D331-320B-4F49-900D-BD2612706DE2} = {1C34C390-629A-4AA7-9649-AA7274A88262}
		{1F448514-1474-499E-ADC1-1AA63F6D96AB} = {BDC78D43-FA84-4521-AE09-012AA559946B}
		{654D61EE-6A64-461A-A57B-20E2C02A874D} = {BDC78D43-FA84-4521-AE09-012AA559946B}
		{BE67C4DF-47AC-4C18-AF09-9758E37C9CD4} = {BDC78D43-FA84-4521-AE09-012AA559946B}
		{E5BCF4CF-B116-45EC-9F1A-8F6980D7C312} = {095D776E-23DE-4A4E-9D09-0C9882A79409}
		{0D64C2F2-1C44-4E2C-A6DA-D0DC0F2601B2} = {3AE39100-A2F4-4E60-9146-D0BEB1190DFF}
	EndGlobalSection
	GlobalSection(ExtensibilityGlobals) = postSolution
		SolutionGuid = {1F59292B-FCA3-412B-8A95-A3F1EAFB0074}
	EndGlobalSection
EndGlobal
